
Microsoft Visual Studio Solution File, Format Version 12.00
# Visual Studio Version 16
VisualStudioVersion = 16.0.32802.440
MinimumVisualStudioVersion = 10.0.40219.1
Project("{8BC9CEB8-8B4A-11D0-8D11-00A0C91BC942}") = "scrypt cuda 내 코드", "scrypt cuda 내 코드\scrypt cuda 내 코드.vcxproj", "{D4328D3C-667D-4064-A7F7-B4B3E3D08064}"
EndProject
Project("{8BC9CEB8-8B4A-11D0-8D11-00A0C91BC942}") = "scrypt cuda 진이형 코드", "scrypt cuda 진이형 코드\scrypt cuda 진이형 코드.vcxproj", "{3E855ACF-DAF7-455F-BBC4-A7752EDDC8CA}"
EndProject
Project("{8BC9CEB8-8B4A-11D0-8D11-00A0C91BC942}") = "scrypt cpu test", "scrypt cuda_test\scrypt cuda_test.vcxproj", "{56EA1966-1B59-4D35-A381-D0F9B93551F5}"
EndProject
Project("{8BC9CEB8-8B4A-11D0-8D11-00A0C91BC942}") = "Scrypt for GPU Assignment", "Scrypt for GPU Assignment\Scrypt for GPU Assignment.vcxproj", "{0BF1FAD6-E3FA-4D49-AC7B-E66E5D94BEC4}"
EndProject
Global
	GlobalSection(SolutionConfigurationPlatforms) = preSolution
		Debug|x64 = Debug|x64
		Debug|x86 = Debug|x86
		Release|x64 = Release|x64
		Release|x86 = Release|x86
	EndGlobalSection
	GlobalSection(ProjectConfigurationPlatforms) = postSolution
		{D4328D3C-667D-4064-A7F7-B4B3E3D08064}.Debug|x64.ActiveCfg = Debug|x64
		{D4328D3C-667D-4064-A7F7-B4B3E3D08064}.Debug|x64.Build.0 = Debug|x64
		{D4328D3C-667D-4064-A7F7-B4B3E3D08064}.Debug|x86.ActiveCfg = Debug|x64
		{D4328D3C-667D-4064-A7F7-B4B3E3D08064}.Release|x64.ActiveCfg = Release|x64
		{D4328D3C-667D-4064-A7F7-B4B3E3D08064}.Release|x64.Build.0 = Release|x64
		{D4328D3C-667D-4064-A7F7-B4B3E3D08064}.Release|x86.ActiveCfg = Release|x64
		{3E855ACF-DAF7-455F-BBC4-A7752EDDC8CA}.Debug|x64.ActiveCfg = Debug|x64
		{3E855ACF-DAF7-455F-BBC4-A7752EDDC8CA}.Debug|x64.Build.0 = Debug|x64
		{3E855ACF-DAF7-455F-BBC4-A7752EDDC8CA}.Debug|x86.ActiveCfg = Debug|x64
		{3E855ACF-DAF7-455F-BBC4-A7752EDDC8CA}.Release|x64.ActiveCfg = Release|x64
		{3E855ACF-DAF7-455F-BBC4-A7752EDDC8CA}.Release|x64.Build.0 = Release|x64
		{3E855ACF-DAF7-455F-BBC4-A7752EDDC8CA}.Release|x86.ActiveCfg = Release|x64
		{56EA1966-1B59-4D35-A381-D0F9B93551F5}.Debug|x64.ActiveCfg = Debug|x64
		{56EA1966-1B59-4D35-A381-D0F9B93551F5}.Debug|x64.Build.0 = Debug|x64
		{56EA1966-1B59-4D35-A381-D0F9B93551F5}.Debug|x86.ActiveCfg = Debug|Win32
		{56EA1966-1B59-4D35-A381-D0F9B93551F5}.Debug|x86.Build.0 = Debug|Win32
		{56EA1966-1B59-4D35-A381-D0F9B93551F5}.Release|x64.ActiveCfg = Release|x64
		{56EA1966-1B59-4D35-A381-D0F9B93551F5}.Release|x64.Build.0 = Release|x64
		{56EA1966-1B59-4D35-A381-D0F9B93551F5}.Release|x86.ActiveCfg = Release|Win32
		{56EA1966-1B59-4D35-A381-D0F9B93551F5}.Release|x86.Build.0 = Release|Win32
		{0BF1FAD6-E3FA-4D49-AC7B-E66E5D94BEC4}.Debug|x64.ActiveCfg = Debug|x64
		{0BF1FAD6-E3FA-4D49-AC7B-E66E5D94BEC4}.Debug|x64.Build.0 = Debug|x64
		{0BF1FAD6-E3FA-4D49-AC7B-E66E5D94BEC4}.Debug|x86.ActiveCfg = Debug|x64
		{0BF1FAD6-E3FA-4D49-AC7B-E66E5D94BEC4}.Release|x64.ActiveCfg = Release|x64
		{0BF1FAD6-E3FA-4D49-AC7B-E66E5D94BEC4}.Release|x64.Build.0 = Release|x64
		{0BF1FAD6-E3FA-4D49-AC7B-E66E5D94BEC4}.Release|x86.ActiveCfg = Release|x64
	EndGlobalSection
	GlobalSection(SolutionProperties) = preSolution
		HideSolutionNode = FALSE
	EndGlobalSection
	GlobalSection(ExtensibilityGlobals) = postSolution
		SolutionGuid = {BA49245C-2D9D-43E3-8085-B30B6DB196CE}
	EndGlobalSection
EndGlobal
